
Microsoft Visual Studio Solution File, Format Version 12.00
# Visual Studio Version 17
VisualStudioVersion = 17.11.35303.130
MinimumVisualStudioVersion = 10.0.40219.1
Project("{FAE04EC0-301F-11D3-BF4B-00C04F79EFBC}") = "NumberGuesserGame1", "NumberGuesserGame1.csproj", "{9512BAE2-C03B-4F7E-A866-461D89FFABFE}"
EndProject
Global
	GlobalSection(SolutionConfigurationPlatforms) = preSolution
		Debug|Any CPU = Debug|Any CPU
		Release|Any CPU = Release|Any CPU
	EndGlobalSection
	GlobalSection(ProjectConfigurationPlatforms) = postSolution
		{9512BAE2-C03B-4F7E-A866-461D89FFABFE}.Debug|Any CPU.ActiveCfg = Debug|Any CPU
		{9512BAE2-C03B-4F7E-A866-461D89FFABFE}.Debug|Any CPU.Build.0 = Debug|Any CPU
		{9512BAE2-C03B-4F7E-A866-461D89FFABFE}.Release|Any CPU.ActiveCfg = Release|Any CPU
		{9512BAE2-C03B-4F7E-A866-461D89FFABFE}.Release|Any CPU.Build.0 = Release|Any CPU
	EndGlobalSection
	GlobalSection(SolutionProperties) = preSolution
		HideSolutionNode = FALSE
	EndGlobalSection
	GlobalSection(ExtensibilityGlobals) = postSolution
		SolutionGuid = {4170970C-2964-42F1-B6E8-D3441AD2E06F}
	EndGlobalSection
EndGlobal
